
Microsoft Visual Studio Solution File, Format Version 12.00
# Visual Studio Version 17
VisualStudioVersion = 17.0.32112.339
MinimumVisualStudioVersion = 10.0.40219.1
Project("{9A19103F-16F7-4668-BE54-9A1E7A4F7556}") = "ManagesCarPark", "ManagesCarPark\ManagesCarPark.csproj", "{CC135789-7543-4CEB-B9D4-5A6374CF1653}"
EndProject
Project("{9A19103F-16F7-4668-BE54-9A1E7A4F7556}") = "NumberSystemConversion", "NumberSystemConversion\NumberSystemConversion.csproj", "{1FD6E08A-8AE9-4D85-BFCD-43CABA6EE2B6}"
EndProject
Project("{9A19103F-16F7-4668-BE54-9A1E7A4F7556}") = "InputOutputString", "InputOutputString\InputOutputString.csproj", "{D17A4F89-D87C-459D-A948-3ADD988AB624}"
EndProject
Project("{9A19103F-16F7-4668-BE54-9A1E7A4F7556}") = "Flight", "Flight\Flight.csproj", "{78987A39-B22A-4276-AB02-51E0D9D8AE9C}"
EndProject
Project("{9A19103F-16F7-4668-BE54-9A1E7A4F7556}") = "Collections", "Collections\Collections.csproj", "{94E39895-52C1-449A-A249-11EA55A6B05E}"
EndProject
Project("{2150E333-8FDC-42A3-9474-1A3956D46DE8}") = "Tasks", "Tasks", "{F30431B7-75D6-4012-BECA-7799CFABEA5F}"
	ProjectSection(SolutionItems) = preProject
		Tasks.docx = Tasks.docx
	EndProjectSection
EndProject
Project("{9A19103F-16F7-4668-BE54-9A1E7A4F7556}") = "ObjectOrientedDesignPrinciples", "ObjectOrientedDesignPrinciples\ObjectOrientedDesignPrinciples.csproj", "{A1B3E94E-E982-4B10-88AA-DD67808E0391}"
EndProject
Global
	GlobalSection(SolutionConfigurationPlatforms) = preSolution
		Debug|Any CPU = Debug|Any CPU
		Release|Any CPU = Release|Any CPU
	EndGlobalSection
	GlobalSection(ProjectConfigurationPlatforms) = postSolution
		{CC135789-7543-4CEB-B9D4-5A6374CF1653}.Debug|Any CPU.ActiveCfg = Debug|Any CPU
		{CC135789-7543-4CEB-B9D4-5A6374CF1653}.Debug|Any CPU.Build.0 = Debug|Any CPU
		{CC135789-7543-4CEB-B9D4-5A6374CF1653}.Release|Any CPU.ActiveCfg = Release|Any CPU
		{CC135789-7543-4CEB-B9D4-5A6374CF1653}.Release|Any CPU.Build.0 = Release|Any CPU
		{1FD6E08A-8AE9-4D85-BFCD-43CABA6EE2B6}.Debug|Any CPU.ActiveCfg = Debug|Any CPU
		{1FD6E08A-8AE9-4D85-BFCD-43CABA6EE2B6}.Debug|Any CPU.Build.0 = Debug|Any CPU
		{1FD6E08A-8AE9-4D85-BFCD-43CABA6EE2B6}.Release|Any CPU.ActiveCfg = Release|Any CPU
		{1FD6E08A-8AE9-4D85-BFCD-43CABA6EE2B6}.Release|Any CPU.Build.0 = Release|Any CPU
		{D17A4F89-D87C-459D-A948-3ADD988AB624}.Debug|Any CPU.ActiveCfg = Debug|Any CPU
		{D17A4F89-D87C-459D-A948-3ADD988AB624}.Debug|Any CPU.Build.0 = Debug|Any CPU
		{D17A4F89-D87C-459D-A948-3ADD988AB624}.Release|Any CPU.ActiveCfg = Release|Any CPU
		{D17A4F89-D87C-459D-A948-3ADD988AB624}.Release|Any CPU.Build.0 = Release|Any CPU
		{78987A39-B22A-4276-AB02-51E0D9D8AE9C}.Debug|Any CPU.ActiveCfg = Debug|Any CPU
		{78987A39-B22A-4276-AB02-51E0D9D8AE9C}.Debug|Any CPU.Build.0 = Debug|Any CPU
		{78987A39-B22A-4276-AB02-51E0D9D8AE9C}.Release|Any CPU.ActiveCfg = Release|Any CPU
		{78987A39-B22A-4276-AB02-51E0D9D8AE9C}.Release|Any CPU.Build.0 = Release|Any CPU
		{94E39895-52C1-449A-A249-11EA55A6B05E}.Debug|Any CPU.ActiveCfg = Debug|Any CPU
		{94E39895-52C1-449A-A249-11EA55A6B05E}.Debug|Any CPU.Build.0 = Debug|Any CPU
		{94E39895-52C1-449A-A249-11EA55A6B05E}.Release|Any CPU.ActiveCfg = Release|Any CPU
		{94E39895-52C1-449A-A249-11EA55A6B05E}.Release|Any CPU.Build.0 = Release|Any CPU
		{A1B3E94E-E982-4B10-88AA-DD67808E0391}.Debug|Any CPU.ActiveCfg = Debug|Any CPU
		{A1B3E94E-E982-4B10-88AA-DD67808E0391}.Debug|Any CPU.Build.0 = Debug|Any CPU
		{A1B3E94E-E982-4B10-88AA-DD67808E0391}.Release|Any CPU.ActiveCfg = Release|Any CPU
		{A1B3E94E-E982-4B10-88AA-DD67808E0391}.Release|Any CPU.Build.0 = Release|Any CPU
	EndGlobalSection
	GlobalSection(SolutionProperties) = preSolution
		HideSolutionNode = FALSE
	EndGlobalSection
	GlobalSection(ExtensibilityGlobals) = postSolution
		SolutionGuid = {BAEB6483-E2F3-4A6C-A127-B2779CE749BB}
	EndGlobalSection
EndGlobal
